
Microsoft Visual Studio Solution File, Format Version 12.00
Project("{FAE04EC0-301F-11D3-BF4B-00C04F79EFBC}") = "AuthBuildInEndpoints", "AuthBuildInEndpoints\AuthBuildInEndpoints.csproj", "{EE9C0C2C-BAC4-41E3-B15F-FCA8C50DEDF0}"
EndProject
Project("{2150E333-8FDC-42A3-9474-1A3956D46DE8}") = "workflows", "workflows", "{29E4386A-4803-4689-9A4A-44284C7712E1}"
	ProjectSection(SolutionItems) = preProject
		.github\workflows\deploy.yml = .github\workflows\deploy.yml
	EndProjectSection
EndProject
Global
	GlobalSection(SolutionConfigurationPlatforms) = preSolution
		Debug|Any CPU = Debug|Any CPU
		Release|Any CPU = Release|Any CPU
	EndGlobalSection
	GlobalSection(ProjectConfigurationPlatforms) = postSolution
		{EE9C0C2C-BAC4-41E3-B15F-FCA8C50DEDF0}.Debug|Any CPU.ActiveCfg = Debug|Any CPU
		{EE9C0C2C-BAC4-41E3-B15F-FCA8C50DEDF0}.Debug|Any CPU.Build.0 = Debug|Any CPU
		{EE9C0C2C-BAC4-41E3-B15F-FCA8C50DEDF0}.Release|Any CPU.ActiveCfg = Release|Any CPU
		{EE9C0C2C-BAC4-41E3-B15F-FCA8C50DEDF0}.Release|Any CPU.Build.0 = Release|Any CPU
	EndGlobalSection
EndGlobal
